
Microsoft Visual Studio Solution File, Format Version 11.00
# Visual Studio 2010
Project("{1863889A-00DF-4350-BA39-669CA949CB81}") = "P4P-Vliegbagage", "P4P-Vliegbagage.phpproj", "{5ED238C5-5BC8-4D26-B775-1C1F143982A1}"
EndProject
Global
	GlobalSection(SolutionConfigurationPlatforms) = preSolution
		Local|PHP 5.2 = Local|PHP 5.2
		Production|PHP 5.2 = Production|PHP 5.2
		Staging|PHP 5.2 = Staging|PHP 5.2
	EndGlobalSection
	GlobalSection(ProjectConfigurationPlatforms) = postSolution
		{5ED238C5-5BC8-4D26-B775-1C1F143982A1}.Local|PHP 5.2.ActiveCfg = Local|PHP 5.2
		{5ED238C5-5BC8-4D26-B775-1C1F143982A1}.Local|PHP 5.2.Deploy.0 = Local|PHP 5.2
		{5ED238C5-5BC8-4D26-B775-1C1F143982A1}.Production|PHP 5.2.ActiveCfg = Production|PHP 5.2
		{5ED238C5-5BC8-4D26-B775-1C1F143982A1}.Production|PHP 5.2.Deploy.0 = Production|PHP 5.2
		{5ED238C5-5BC8-4D26-B775-1C1F143982A1}.Staging|PHP 5.2.ActiveCfg = Staging|PHP 5.2
		{5ED238C5-5BC8-4D26-B775-1C1F143982A1}.Staging|PHP 5.2.Deploy.0 = Staging|PHP 5.2
	EndGlobalSection
	GlobalSection(SolutionProperties) = preSolution
		HideSolutionNode = FALSE
	EndGlobalSection
EndGlobal
